<?xml version="1.0" encoding="utf-8"?>
<Project ToolsVersion="4.0" xmlns="http://schemas.microsoft.com/developer/msbuild/2003">
  <ItemGroup>
    <Filter Include="Source Files">
      <UniqueIdentifier>{4FC737F1-C7A5-4376-A066-2A32D752A2FF}</UniqueIdentifier>
      <Extensions>cpp;c;cc;cxx;c++;cppm;ixx;def;odl;idl;hpj;bat;asm;asmx</Extensions>
    </Filter>
    <Filter Include="Resource Files">
      <UniqueIdentifier>{67DA6AB6-F800-4c08-8B7A-83BB121AAD01}</UniqueIdentifier>
      <Extensions>rc;ico;cur;bmp;dlg;rc2;rct;bin;rgs;gif;jpg;jpeg;jpe;resx;tiff;tif;png;wav;mfcribbon-ms</Extensions>
    </Filter>
    <Filter Include="Framework">
      <UniqueIdentifier>{9c049a6a-c07c-4f92-9f89-0df567f9f38f}</UniqueIdentifier>
    </Filter>
    <Filter Include="Framework\Animations">
      <UniqueIdentifier>{974189cc-9ac2-46bc-8ece-5bd51f3d97b5}</UniqueIdentifier>
    </Filter>
    <Filter Include="Framework\tinyXML">
      <UniqueIdentifier>{04952969-2a5b-4ced-9d28-8f68d6e96a5f}</UniqueIdentifier>
    </Filter>
    <Filter Include="Framework\Map">
      <UniqueIdentifier>{96a0e518-b40c-484c-a616-f6b0d39de82b}</UniqueIdentifier>
    </Filter>
    <Filter Include="Framework\Header Files">
      <UniqueIdentifier>{93995380-89BD-4b04-88EB-625FBE52EBFB}</UniqueIdentifier>
      <Extensions>h;hh;hpp;hxx;h++;hm;inl;inc;ipp;xsd</Extensions>
    </Filter>
    <Filter Include="Source Files\GameObject">
      <UniqueIdentifier>{2e387356-2742-4388-9037-b92682ff5d48}</UniqueIdentifier>
    </Filter>
    <Filter Include="Source Files\GameObject\Enemy">
      <UniqueIdentifier>{3603a757-e5de-4b8c-97db-a7edaee6010e}</UniqueIdentifier>
    </Filter>
    <Filter Include="Source Files\GameObject\Blocks">
      <UniqueIdentifier>{78d08d18-0d43-415b-b059-1716b0dcfb37}</UniqueIdentifier>
    </Filter>
    <Filter Include="Source Files\GameObject\Solid">
      <UniqueIdentifier>{a9239b39-04dc-4e3b-9622-bec0f77b7688}</UniqueIdentifier>
    </Filter>
    <Filter Include="Source Files\HUD">
      <UniqueIdentifier>{0df0d4f6-eaed-4679-b998-18905b47a867}</UniqueIdentifier>
    </Filter>
    <Filter Include="Framework\font">
      <UniqueIdentifier>{d0b89e2a-8251-41cd-93c0-43a631072e96}</UniqueIdentifier>
    </Filter>
    <Filter Include="Source Files\GameObject\Enemy\Plant">
      <UniqueIdentifier>{ae2437af-589f-4084-8006-81c870b6f96f}</UniqueIdentifier>
    </Filter>
    <Filter Include="Source Files\GameObject\Enemy\koopa">
      <UniqueIdentifier>{865cb673-6e2f-420c-a6f0-b8edf7e4e15f}</UniqueIdentifier>
    </Filter>
    <Filter Include="Source Files\GameObject\Enemy\Plant\venus">
      <UniqueIdentifier>{b3d526ec-43da-4445-9991-db6b8c8c3380}</UniqueIdentifier>
    </Filter>
    <Filter Include="Framework\Scence">
      <UniqueIdentifier>{1eb4d84d-252b-45fa-a850-aeae0b087549}</UniqueIdentifier>
    </Filter>
    <Filter Include="Framework\Textures">
      <UniqueIdentifier>{b05f0e06-5971-460a-8c28-ca24fedf712b}</UniqueIdentifier>
    </Filter>
    <Filter Include="Framework\Objects">
      <UniqueIdentifier>{2bca0c80-3271-4280-b7f2-d4691b60f4c7}</UniqueIdentifier>
    </Filter>
    <Filter Include="Framework\Camera">
      <UniqueIdentifier>{8d8c4efe-7c46-4031-baac-748b66f000c4}</UniqueIdentifier>
    </Filter>
    <Filter Include="Source Files\GameObject\Warp">
      <UniqueIdentifier>{4ca1df87-450e-491c-ae28-be98a3c4c73c}</UniqueIdentifier>
    </Filter>
    <Filter Include="Source Files\GameObject\Effect">
      <UniqueIdentifier>{f355a545-62ba-4a83-ad0a-a528d8fc59af}</UniqueIdentifier>
    </Filter>
    <Filter Include="Source Files\GameObject\ITem">
      <UniqueIdentifier>{681a5cc1-284b-4c27-8182-509fa04b8a18}</UniqueIdentifier>
    </Filter>
    <Filter Include="Source Files\Mario">
      <UniqueIdentifier>{d7e07c8d-667a-4341-9554-d5f40e2fa768}</UniqueIdentifier>
    </Filter>
    <Filter Include="Source Files\Mario\player">
      <UniqueIdentifier>{42fcad28-f178-4795-a525-112d292e0b1c}</UniqueIdentifier>
    </Filter>
    <Filter Include="Source Files\Mario\Weapon">
      <UniqueIdentifier>{4e4a22c1-b7cd-44f1-897d-d79b3cb843d4}</UniqueIdentifier>
    </Filter>
  </ItemGroup>
  <ItemGroup>
    <ClInclude Include="Game.h">
      <Filter>Framework</Filter>
    </ClInclude>
    <ClInclude Include="Sprites.h">
      <Filter>Framework\Animations</Filter>
    </ClInclude>
    <ClInclude Include="Animations.h">
      <Filter>Framework\Animations</Filter>
    </ClInclude>
    <ClInclude Include="GameMap.h">
      <Filter>Framework\Map</Filter>
    </ClInclude>
    <ClInclude Include="TileSet.h">
      <Filter>Framework\Map</Filter>
    </ClInclude>
    <ClInclude Include="Portal.h">
      <Filter>Source Files\GameObject</Filter>
    </ClInclude>
    <ClInclude Include="Mario.h">
      <Filter>Source Files\Mario</Filter>
    </ClInclude>
    <ClInclude Include="BigMario.h">
      <Filter>Source Files\Mario</Filter>
    </ClInclude>
    <ClInclude Include="RaccoonMario.h">
      <Filter>Source Files\Mario</Filter>
    </ClInclude>
    <ClInclude Include="FireMario.h">
      <Filter>Source Files\Mario</Filter>
    </ClInclude>
    <ClInclude Include="SmallMario.h">
      <Filter>Source Files\Mario</Filter>
    </ClInclude>
    <ClInclude Include="Player.h">
      <Filter>Source Files\Mario\player</Filter>
    </ClInclude>
    <ClInclude Include="Goomba.h">
      <Filter>Source Files\GameObject\Enemy</Filter>
    </ClInclude>
    <ClInclude Include="Brick.h">
      <Filter>Source Files\GameObject\Blocks</Filter>
    </ClInclude>
    <ClInclude Include="CollisionBox.h">
      <Filter>Source Files\GameObject\Blocks</Filter>
    </ClInclude>
    <ClInclude Include="FireBullet.h">
      <Filter>Source Files\Mario\Weapon</Filter>
    </ClInclude>
    <ClInclude Include="MarioTail.h">
      <Filter>Source Files\Mario\Weapon</Filter>
    </ClInclude>
    <ClInclude Include="Solid.h">
      <Filter>Source Files\GameObject\Solid</Filter>
    </ClInclude>
    <ClInclude Include="Ghost.h">
      <Filter>Source Files\GameObject\Solid</Filter>
    </ClInclude>
    <ClInclude Include="QuestionBlock.h">
      <Filter>Source Files\GameObject\Blocks</Filter>
    </ClInclude>
    <ClInclude Include="HUD.h">
      <Filter>Source Files\HUD</Filter>
    </ClInclude>
    <ClInclude Include="PMetter.h">
      <Filter>Source Files\HUD</Filter>
    </ClInclude>
    <ClInclude Include="Coin.h">
      <Filter>Source Files\GameObject\ITem</Filter>
    </ClInclude>
    <ClInclude Include="Font.h">
      <Filter>Framework\font</Filter>
    </ClInclude>
    <ClInclude Include="Leaf.h">
      <Filter>Source Files\GameObject\ITem</Filter>
    </ClInclude>
    <ClInclude Include="Plant.h">
      <Filter>Source Files\GameObject\Enemy\Plant</Filter>
    </ClInclude>
    <ClInclude Include="Koopas.h">
      <Filter>Source Files\GameObject\Enemy\koopa</Filter>
    </ClInclude>
    <ClInclude Include="RedKoopas.h">
      <Filter>Source Files\GameObject\Enemy\koopa</Filter>
    </ClInclude>
    <ClInclude Include="Redvenus.h">
      <Filter>Source Files\GameObject\Enemy\Plant\venus</Filter>
    </ClInclude>
    <ClInclude Include="KeyEventHandler.h">
      <Filter>Framework\Scence</Filter>
    </ClInclude>
    <ClInclude Include="PlayScence.h">
      <Filter>Framework\Scence</Filter>
    </ClInclude>
    <ClInclude Include="Scence.h">
      <Filter>Framework\Scence</Filter>
    </ClInclude>
    <ClInclude Include="Textures.h">
      <Filter>Framework\Textures</Filter>
    </ClInclude>
    <ClInclude Include="GameObject.h">
      <Filter>Framework\Objects</Filter>
    </ClInclude>
    <ClInclude Include="UIObject.h">
      <Filter>Framework\Objects</Filter>
    </ClInclude>
    <ClInclude Include="Utils.h">
      <Filter>Framework\Textures</Filter>
    </ClInclude>
    <ClInclude Include="FireBall.h">
      <Filter>Source Files\GameObject\Enemy\Plant\venus</Filter>
    </ClInclude>
    <ClInclude Include="ItemBrick.h">
      <Filter>Source Files\GameObject\Blocks</Filter>
    </ClInclude>
    <ClInclude Include="PSwitch.h">
      <Filter>Source Files\GameObject\ITem</Filter>
    </ClInclude>
    <ClInclude Include="Camera.h">
      <Filter>Framework\Camera</Filter>
    </ClInclude>
    <ClInclude Include="Resource.h">
      <Filter>Source Files</Filter>
    </ClInclude>
    <ClInclude Include="WarpMark.h">
      <Filter>Source Files\GameObject\Warp</Filter>
    </ClInclude>
    <ClInclude Include="WarpPipe.h">
      <Filter>Source Files\GameObject\Warp</Filter>
    </ClInclude>
    <ClInclude Include="FXObject.h">
      <Filter>Source Files\GameObject\Effect</Filter>
    </ClInclude>
    <ClInclude Include="CoinFX.h">
      <Filter>Source Files\GameObject\Effect</Filter>
    </ClInclude>
    <ClInclude Include="ScoreFx.h">
      <Filter>Source Files\GameObject\Effect</Filter>
    </ClInclude>
    <ClInclude Include="Paratroopa.h">
      <Filter>Source Files\GameObject\Enemy\koopa</Filter>
    </ClInclude>
    <ClInclude Include="Piranha.h">
      <Filter>Source Files\GameObject\Enemy\Plant</Filter>
    </ClInclude>
    <ClInclude Include="SmokeFx.h">
      <Filter>Source Files\GameObject\Effect</Filter>
    </ClInclude>
    <ClInclude Include="DebrisFx.h">
      <Filter>Source Files\GameObject\Effect</Filter>
    </ClInclude>
    <ClInclude Include="Reward.h">
      <Filter>Source Files\GameObject\ITem</Filter>
    </ClInclude>
    <ClInclude Include="RewardFX.h">
      <Filter>Source Files\GameObject\Effect</Filter>
    </ClInclude>
    <ClInclude Include="tinyXML\tinystr.h">
      <Filter>Framework\tinyXML</Filter>
    </ClInclude>
    <ClInclude Include="tinyXML\tinyxml.h">
      <Filter>Framework\tinyXML</Filter>
    </ClInclude>
  </ItemGroup>
  <ItemGroup>
    <ClCompile Include="Game.cpp">
      <Filter>Framework</Filter>
    </ClCompile>
    <ClCompile Include="main.cpp">
      <Filter>Source Files</Filter>
    </ClCompile>
    <ClCompile Include="Sprites.cpp">
      <Filter>Framework\Animations</Filter>
    </ClCompile>
    <ClCompile Include="Animations.cpp">
      <Filter>Framework\Animations</Filter>
    </ClCompile>
    <ClCompile Include="GameMap.cpp">
      <Filter>Framework\Map</Filter>
    </ClCompile>
    <ClCompile Include="TileSet.cpp">
      <Filter>Framework\Map</Filter>
    </ClCompile>
    <ClCompile Include="Portal.cpp">
      <Filter>Source Files\GameObject</Filter>
    </ClCompile>
    <ClCompile Include="Mario.cpp">
      <Filter>Source Files\Mario</Filter>
    </ClCompile>
    <ClCompile Include="BigMario.cpp">
      <Filter>Source Files\Mario</Filter>
    </ClCompile>
    <ClCompile Include="FireMario.cpp">
      <Filter>Source Files\Mario</Filter>
    </ClCompile>
    <ClCompile Include="RaccoonMario.cpp">
      <Filter>Source Files\Mario</Filter>
    </ClCompile>
    <ClCompile Include="SmallMario.cpp">
      <Filter>Source Files\Mario</Filter>
    </ClCompile>
    <ClCompile Include="Player.cpp">
      <Filter>Source Files\Mario\player</Filter>
    </ClCompile>
    <ClCompile Include="Goomba.cpp">
      <Filter>Source Files\GameObject\Enemy</Filter>
    </ClCompile>
    <ClCompile Include="Brick.cpp">
      <Filter>Source Files\GameObject\Blocks</Filter>
    </ClCompile>
    <ClCompile Include="CollisionBox.cpp">
      <Filter>Source Files\GameObject\Blocks</Filter>
    </ClCompile>
    <ClCompile Include="FireBullet.cpp">
      <Filter>Source Files\Mario\Weapon</Filter>
    </ClCompile>
    <ClCompile Include="MarioTail.cpp">
      <Filter>Source Files\Mario\Weapon</Filter>
    </ClCompile>
    <ClCompile Include="Solid.cpp">
      <Filter>Source Files\GameObject\Solid</Filter>
    </ClCompile>
    <ClCompile Include="Ghost.cpp">
      <Filter>Source Files\GameObject\Solid</Filter>
    </ClCompile>
    <ClCompile Include="QuestionBlock.cpp">
      <Filter>Source Files\GameObject\Blocks</Filter>
    </ClCompile>
    <ClCompile Include="HUD.cpp">
      <Filter>Source Files\HUD</Filter>
    </ClCompile>
    <ClCompile Include="PMetter.cpp">
      <Filter>Source Files\HUD</Filter>
    </ClCompile>
    <ClCompile Include="Coin.cpp">
      <Filter>Source Files\GameObject\ITem</Filter>
    </ClCompile>
    <ClCompile Include="Font.cpp">
      <Filter>Framework\font</Filter>
    </ClCompile>
    <ClCompile Include="Leaf.cpp">
      <Filter>Source Files\GameObject\ITem</Filter>
    </ClCompile>
    <ClCompile Include="Plant.cpp">
      <Filter>Source Files\GameObject\Enemy\Plant</Filter>
    </ClCompile>
    <ClCompile Include="Koopas.cpp">
      <Filter>Source Files\GameObject\Enemy\koopa</Filter>
    </ClCompile>
    <ClCompile Include="RedKoopas.cpp">
      <Filter>Source Files\GameObject\Enemy\koopa</Filter>
    </ClCompile>
    <ClCompile Include="Redvenus.cpp">
      <Filter>Source Files\GameObject\Enemy\Plant\venus</Filter>
    </ClCompile>
    <ClCompile Include="PlayScence.cpp">
      <Filter>Framework\Scence</Filter>
    </ClCompile>
    <ClCompile Include="Scence.cpp">
      <Filter>Framework\Scence</Filter>
    </ClCompile>
    <ClCompile Include="Textures.cpp">
      <Filter>Framework\Textures</Filter>
    </ClCompile>
    <ClCompile Include="Utils.cpp">
      <Filter>Framework\Textures</Filter>
    </ClCompile>
    <ClCompile Include="GameObject.cpp">
      <Filter>Framework\Objects</Filter>
    </ClCompile>
    <ClCompile Include="UIObject.cpp">
      <Filter>Framework\Objects</Filter>
    </ClCompile>
    <ClCompile Include="FireBall.cpp">
      <Filter>Source Files\GameObject\Enemy\Plant\venus</Filter>
    </ClCompile>
    <ClCompile Include="ItemBrick.cpp">
      <Filter>Source Files\GameObject\Blocks</Filter>
    </ClCompile>
    <ClCompile Include="PSwitch.cpp">
      <Filter>Source Files\GameObject\ITem</Filter>
    </ClCompile>
    <ClCompile Include="Camera.cpp">
      <Filter>Framework\Camera</Filter>
    </ClCompile>
    <ClCompile Include="WarpMark.cpp">
      <Filter>Source Files\GameObject\Warp</Filter>
    </ClCompile>
    <ClCompile Include="WarpPipe.cpp">
      <Filter>Source Files\GameObject\Warp</Filter>
    </ClCompile>
    <ClCompile Include="FXObject.cpp">
      <Filter>Source Files\GameObject\Effect</Filter>
    </ClCompile>
    <ClCompile Include="CoinFX.cpp">
      <Filter>Source Files\GameObject\Effect</Filter>
    </ClCompile>
    <ClCompile Include="ScoreFx.cpp">
      <Filter>Source Files\GameObject\Effect</Filter>
    </ClCompile>
    <ClCompile Include="Paratroopa.cpp">
      <Filter>Source Files\GameObject\Enemy\koopa</Filter>
    </ClCompile>
    <ClCompile Include="Piranha.cpp">
      <Filter>Source Files\GameObject\Enemy\Plant</Filter>
    </ClCompile>
    <ClCompile Include="SmokeFx.cpp">
      <Filter>Source Files\GameObject\Effect</Filter>
    </ClCompile>
    <ClCompile Include="DebrisFx.cpp">
      <Filter>Source Files\GameObject\Effect</Filter>
    </ClCompile>
    <ClCompile Include="Reward.cpp">
      <Filter>Source Files\GameObject\ITem</Filter>
    </ClCompile>
    <ClCompile Include="RewardFX.cpp">
      <Filter>Source Files\GameObject\Effect</Filter>
    </ClCompile>
    <ClCompile Include="tinyXML\tinystr.cpp">
      <Filter>Framework\tinyXML</Filter>
    </ClCompile>
    <ClCompile Include="tinyXML\tinyxml.cpp">
      <Filter>Framework\tinyXML</Filter>
    </ClCompile>
    <ClCompile Include="tinyXML\tinyxmlerror.cpp">
      <Filter>Framework\tinyXML</Filter>
    </ClCompile>
    <ClCompile Include="tinyXML\tinyxmlparser.cpp">
      <Filter>Framework\tinyXML</Filter>
    </ClCompile>
    <ClCompile Include="tinyXML\xmltest.cpp">
      <Filter>Framework\tinyXML</Filter>
    </ClCompile>
  </ItemGroup>
  <ItemGroup>
    <Image Include="textures\enemies.png">
      <Filter>Resource Files</Filter>
    </Image>
    <Image Include="textures\enemies-2.png">
      <Filter>Resource Files</Filter>
    </Image>
    <Image Include="textures\gameover.png">
      <Filter>Resource Files</Filter>
    </Image>
    <Image Include="textures\mario.png">
      <Filter>Resource Files</Filter>
    </Image>
    <Image Include="textures\misc.png">
      <Filter>Resource Files</Filter>
    </Image>
    <Image Include="textures\title.png">
      <Filter>Resource Files</Filter>
    </Image>
    <Image Include="textures\Enemy\enemy_x3.png">
      <Filter>Resource Files</Filter>
    </Image>
    <Image Include="textures\Mario\NES - Super Mario Bros 3 - Mario Luigi x 3.png">
      <Filter>Resource Files</Filter>
    </Image>
    <Image Include="textures\Misc\intro_x3.png">
      <Filter>Resource Files</Filter>
    </Image>
    <Image Include="textures\Misc\misc_x3.png">
      <Filter>Resource Files</Filter>
    </Image>
    <Image Include="textures\Misc\UI_x3.png">
      <Filter>Resource Files</Filter>
    </Image>
  </ItemGroup>
</Project>